
Microsoft Visual Studio Solution File, Format Version 12.00
# Visual Studio 2012
Project("{FAE04EC0-301F-11D3-BF4B-00C04F79EFBC}") = "SenseAPI", "SenseAPI\SenseAPI.csproj", "{E2245C6C-F05E-46CA-9345-A14B2229B18B}"
EndProject
Project("{FAE04EC0-301F-11D3-BF4B-00C04F79EFBC}") = "Sensetest", "Sensetest\Sensetest.csproj", "{9887E76C-26E2-45C7-BAAB-E545AD15466A}"
EndProject
Global
	GlobalSection(SolutionConfigurationPlatforms) = preSolution
		Debug|Any CPU = Debug|Any CPU
		Release|Any CPU = Release|Any CPU
	EndGlobalSection
	GlobalSection(ProjectConfigurationPlatforms) = postSolution
		{E2245C6C-F05E-46CA-9345-A14B2229B18B}.Debug|Any CPU.ActiveCfg = Debug|Any CPU
		{E2245C6C-F05E-46CA-9345-A14B2229B18B}.Debug|Any CPU.Build.0 = Debug|Any CPU
		{E2245C6C-F05E-46CA-9345-A14B2229B18B}.Release|Any CPU.ActiveCfg = Release|Any CPU
		{E2245C6C-F05E-46CA-9345-A14B2229B18B}.Release|Any CPU.Build.0 = Release|Any CPU
		{9887E76C-26E2-45C7-BAAB-E545AD15466A}.Debug|Any CPU.ActiveCfg = Debug|Any CPU
		{9887E76C-26E2-45C7-BAAB-E545AD15466A}.Debug|Any CPU.Build.0 = Debug|Any CPU
		{9887E76C-26E2-45C7-BAAB-E545AD15466A}.Release|Any CPU.ActiveCfg = Release|Any CPU
		{9887E76C-26E2-45C7-BAAB-E545AD15466A}.Release|Any CPU.Build.0 = Release|Any CPU
	EndGlobalSection
	GlobalSection(SolutionProperties) = preSolution
		HideSolutionNode = FALSE
	EndGlobalSection
EndGlobal
